Microsoft Visual Studio Solution File, Format Version 11.00
# Visual Studio 2008

Project("{E7EEA0E6-C792-31B7-8DC3-26C9862DF294}") = "acgd", "Assembly-CSharp.csproj", "{C5A89ECB-4B97-113B-5DD5-96E63AFF52D7}"
EndProject
Global
	GlobalSection(SolutionConfigurationPlatforms) = preSolution
		Debug|Any CPU = Debug|Any CPU
		Release|Any CPU = Release|Any CPU
	EndGlobalSection
	GlobalSection(ProjectConfigurationPlatforms) = postSolution
		{C5A89ECB-4B97-113B-5DD5-96E63AFF52D7}.Debug|Any CPU.ActiveCfg = Debug|Any CPU
		{C5A89ECB-4B97-113B-5DD5-96E63AFF52D7}.Debug|Any CPU.Build.0 = Debug|Any CPU
		{C5A89ECB-4B97-113B-5DD5-96E63AFF52D7}.Release|Any CPU.ActiveCfg = Release|Any CPU
		{C5A89ECB-4B97-113B-5DD5-96E63AFF52D7}.Release|Any CPU.Build.0 = Release|Any CPU
	EndGlobalSection
	GlobalSection(SolutionProperties) = preSolution
		HideSolutionNode = FALSE
	EndGlobalSection
	GlobalSection(MonoDevelopProperties) = preSolution
		StartupItem = Assembly-CSharp.csproj
	EndGlobalSection
EndGlobal
